{
  "name": "serverless-cloudflare-tunnel",
  "version": "1.0.0",
  "lockfileVersion": 3,
  "requires": true,
  "packages": {
    "": {
      "name": "serverless-cloudflare-tunnel",
      "version": "1.0.0",
      "license": "ISC",
      "dependencies": {
        "cloudflared": "^0.5.1"
      }
    },
    "node_modules/cloudflared": {
      "version": "0.5.1",
      "resolved": "https://registry.npmjs.org/cloudflared/-/cloudflared-0.5.1.tgz",
      "integrity": "sha512-DQ33z5dBrE32xrHRyA35CtE8WcDgOzefR0/x/gVVa2jSKc54vRTIDwNQXCbXcet3sv2DOVtLWUbdcjxbCYK+OQ==",
      "hasInstallScript": true,
      "bin": {
        "cloudflared": "lib/cloudflared.js"
      }
    }
  }
}
